<Solution>
  <Folder Name="/src/">
    <Project Path="src/XiaoShuTong.Domain/XiaoShuTong.Domain.csproj" />
    <Project Path="src/XiaoShuTong.AdminWasm/XiaoShuTong.AdminWasm.csproj" />
    <Project Path="src/XiaoShuTong.WebApi/XiaoShuTong.WebApi.csproj" />
  </Folder>
  <Folder Name="/tests/">
    <Project Path="tests/XiaoShuTong.Tests/XiaoShuTong.Tests.csproj" />
  </Folder>
</Solution>
